
Microsoft Visual Studio Solution File, Format Version 12.00
# Visual Studio 15
VisualStudioVersion = 15.0.28307.1927
MinimumVisualStudioVersion = 10.0.40219.1
Project("{FAE04EC0-301F-11D3-BF4B-00C04F79EFBC}") = "TSS-APP", "TSS-APP\TSS-APP.csproj", "{69062A65-43AE-40A8-B2D3-A90802BB2165}"
EndProject
Global
	GlobalSection(SolutionConfigurationPlatforms) = preSolution
		Debug|Any CPU = Debug|Any CPU
		Release|Any CPU = Release|Any CPU
	EndGlobalSection
	GlobalSection(ProjectConfigurationPlatforms) = postSolution
		{69062A65-43AE-40A8-B2D3-A90802BB2165}.Debug|Any CPU.ActiveCfg = Debug|Any CPU
		{69062A65-43AE-40A8-B2D3-A90802BB2165}.Debug|Any CPU.Build.0 = Debug|Any CPU
		{69062A65-43AE-40A8-B2D3-A90802BB2165}.Release|Any CPU.ActiveCfg = Release|Any CPU
		{69062A65-43AE-40A8-B2D3-A90802BB2165}.Release|Any CPU.Build.0 = Release|Any CPU
	EndGlobalSection
	GlobalSection(SolutionProperties) = preSolution
		HideSolutionNode = FALSE
	EndGlobalSection
	GlobalSection(ExtensibilityGlobals) = postSolution
		SolutionGuid = {3DCD83F9-EAB3-4C2B-AB88-32A10098D8B5}
	EndGlobalSection
EndGlobal
